// !$*UTF8*$!
{
	archiveVersion = 1;
	classes = {
	};
	objectVersion = 46;
	objects = {

/* Begin PBXBuildFile section */
		5610F50D196ECC7700670856 /* TestData.m in Sources */ = {isa = PBXBuildFile; fileRef = 5610F50C196ECC7700670856 /* TestData.m */; };
		5660EB6119599E18008D9264 /* Foundation.framework in Frameworks */ = {isa = PBXBuildFile; fileRef = 5660EB6019599E18008D9264 /* Foundation.framework */; };
		5660EB6319599E18008D9264 /* CoreGraphics.framework in Frameworks */ = {isa = PBXBuildFile; fileRef = 5660EB6219599E18008D9264 /* CoreGraphics.framework */; };
		5660EB6519599E18008D9264 /* UIKit.framework in Frameworks */ = {isa = PBXBuildFile; fileRef = 5660EB6419599E18008D9264 /* UIKit.framework */; };
		5660EB6B19599E18008D9264 /* InfoPlist.strings in Resources */ = {isa = PBXBuildFile; fileRef = 5660EB6919599E18008D9264 /* InfoPlist.strings */; };
		5660EB6D19599E18008D9264 /* main.m in Sources */ = {isa = PBXBuildFile; fileRef = 5660EB6C19599E18008D9264 /* main.m */; };
		5660EB7119599E18008D9264 /* AppDelegate.m in Sources */ = {isa = PBXBuildFile; fileRef = 5660EB7019599E18008D9264 /* AppDelegate.m */; };
		5660EB7319599E18008D9264 /* Images.xcassets in Resources */ = {isa = PBXBuildFile; fileRef = 5660EB7219599E18008D9264 /* Images.xcassets */; };
		5660EB7A19599E18008D9264 /* XCTest.framework in Frameworks */ = {isa = PBXBuildFile; fileRef = 5660EB7919599E18008D9264 /* XCTest.framework */; };
		5660EB7B19599E18008D9264 /* Foundation.framework in Frameworks */ = {isa = PBXBuildFile; fileRef = 5660EB6019599E18008D9264 /* Foundation.framework */; };
		5660EB7C19599E18008D9264 /* UIKit.framework in Frameworks */ = {isa = PBXBuildFile; fileRef = 5660EB6419599E18008D9264 /* UIKit.framework */; };
		5660EB8419599E18008D9264 /* InfoPlist.strings in Resources */ = {isa = PBXBuildFile; fileRef = 5660EB8219599E18008D9264 /* InfoPlist.strings */; };
		5660EB8619599E18008D9264 /* LeXiang100_AgentTests.m in Sources */ = {isa = PBXBuildFile; fileRef = 5660EB8519599E18008D9264 /* LeXiang100_AgentTests.m */; };
		5660EB9119599E3B008D9264 /* MainUIViewController.m in Sources */ = {isa = PBXBuildFile; fileRef = 5660EB9019599E3B008D9264 /* MainUIViewController.m */; };
		C239F837196981550043DA26 /* UIColorForiOS7Colors.m in Sources */ = {isa = PBXBuildFile; fileRef = C239F836196981550043DA26 /* UIColorForiOS7Colors.m */; };
		C239F867196BE1C20043DA26 /* acquire_btn_normal.png in Resources */ = {isa = PBXBuildFile; fileRef = C239F83B196BE1C20043DA26 /* acquire_btn_normal.png */; };
		C239F868196BE1C20043DA26 /* acquire_btn_press.png in Resources */ = {isa = PBXBuildFile; fileRef = C239F83C196BE1C20043DA26 /* acquire_btn_press.png */; };
		C239F869196BE1C20043DA26 /* arrow_normal.png in Resources */ = {isa = PBXBuildFile; fileRef = C239F83D196BE1C20043DA26 /* arrow_normal.png */; };
		C239F86A196BE1C20043DA26 /* arrow_pressed.png in Resources */ = {isa = PBXBuildFile; fileRef = C239F83E196BE1C20043DA26 /* arrow_pressed.png */; };
		C239F86B196BE1C20043DA26 /* bg_gray.png in Resources */ = {isa = PBXBuildFile; fileRef = C239F83F196BE1C20043DA26 /* bg_gray.png */; };
		C239F86C196BE1C20043DA26 /* bg_listview_frame.9.png in Resources */ = {isa = PBXBuildFile; fileRef = C239F840196BE1C20043DA26 /* bg_listview_frame.9.png */; };
		C239F86D196BE1C20043DA26 /* bg_listview.png in Resources */ = {isa = PBXBuildFile; fileRef = C239F841196BE1C20043DA26 /* bg_listview.png */; };
		C239F86E196BE1C20043DA26 /* bg_titlebar.jpg in Resources */ = {isa = PBXBuildFile; fileRef = C239F842196BE1C20043DA26 /* bg_titlebar.jpg */; };
		C239F86F196BE1C20043DA26 /* btn_back_normal.png in Resources */ = {isa = PBXBuildFile; fileRef = C239F843196BE1C20043DA26 /* btn_back_normal.png */; };
		C239F870196BE1C20043DA26 /* btn_back_press.png in Resources */ = {isa = PBXBuildFile; fileRef = C239F844196BE1C20043DA26 /* btn_back_press.png */; };
		C239F871196BE1C20043DA26 /* btn_common_normal.9.png in Resources */ = {isa = PBXBuildFile; fileRef = C239F845196BE1C20043DA26 /* btn_common_normal.9.png */; };
		C239F872196BE1C20043DA26 /* btn_common_press.9.png in Resources */ = {isa = PBXBuildFile; fileRef = C239F846196BE1C20043DA26 /* btn_common_press.9.png */; };
		C239F873196BE1C20043DA26 /* calendar.png in Resources */ = {isa = PBXBuildFile; fileRef = C239F847196BE1C20043DA26 /* calendar.png */; };
		C239F874196BE1C20043DA26 /* contacts.png in Resources */ = {isa = PBXBuildFile; fileRef = C239F848196BE1C20043DA26 /* contacts.png */; };
		C239F875196BE1C20043DA26 /* default_avatar.png in Resources */ = {isa = PBXBuildFile; fileRef = C239F849196BE1C20043DA26 /* default_avatar.png */; };
		C239F876196BE1C20043DA26 /* file_document.png in Resources */ = {isa = PBXBuildFile; fileRef = C239F84A196BE1C20043DA26 /* file_document.png */; };
		C239F877196BE1C20043DA26 /* ic_launcher.png in Resources */ = {isa = PBXBuildFile; fileRef = C239F84B196BE1C20043DA26 /* ic_launcher.png */; };
		C239F878196BE1C20043DA26 /* login_btn_normal.png in Resources */ = {isa = PBXBuildFile; fileRef = C239F84C196BE1C20043DA26 /* login_btn_normal.png */; };
		C239F879196BE1C20043DA26 /* login_btn_press.png in Resources */ = {isa = PBXBuildFile; fileRef = C239F84D196BE1C20043DA26 /* login_btn_press.png */; };
		C239F87A196BE1C20043DA26 /* login_pwd.png in Resources */ = {isa = PBXBuildFile; fileRef = C239F84E196BE1C20043DA26 /* login_pwd.png */; };
		C239F87B196BE1C20043DA26 /* login_title.png in Resources */ = {isa = PBXBuildFile; fileRef = C239F84F196BE1C20043DA26 /* login_title.png */; };
		C239F87C196BE1C20043DA26 /* login_user.png in Resources */ = {isa = PBXBuildFile; fileRef = C239F850196BE1C20043DA26 /* login_user.png */; };
		C239F87D196BE1C20043DA26 /* lx100.png in Resources */ = {isa = PBXBuildFile; fileRef = C239F851196BE1C20043DA26 /* lx100.png */; };
		C239F87E196BE1C20043DA26 /* main_credit_normal.jpg in Resources */ = {isa = PBXBuildFile; fileRef = C239F852196BE1C20043DA26 /* main_credit_normal.jpg */; };
		C239F87F196BE1C20043DA26 /* main_credit_press.jpg in Resources */ = {isa = PBXBuildFile; fileRef = C239F853196BE1C20043DA26 /* main_credit_press.jpg */; };
		C239F880196BE1C20043DA26 /* main_marketing_normal.jpg in Resources */ = {isa = PBXBuildFile; fileRef = C239F854196BE1C20043DA26 /* main_marketing_normal.jpg */; };
		C239F881196BE1C20043DA26 /* main_marketing_press.jpg in Resources */ = {isa = PBXBuildFile; fileRef = C239F855196BE1C20043DA26 /* main_marketing_press.jpg */; };
		C239F882196BE1C20043DA26 /* main_pay_history_normal.JPG in Resources */ = {isa = PBXBuildFile; fileRef = C239F856196BE1C20043DA26 /* main_pay_history_normal.JPG */; };
		C239F883196BE1C20043DA26 /* main_pay_history_press.JPG in Resources */ = {isa = PBXBuildFile; fileRef = C239F857196BE1C20043DA26 /* main_pay_history_press.JPG */; };
		C239F884196BE1C20043DA26 /* main_pay_normal.jpg in Resources */ = {isa = PBXBuildFile; fileRef = C239F858196BE1C20043DA26 /* main_pay_normal.jpg */; };
		C239F885196BE1C20043DA26 /* main_pay_press.jpg in Resources */ = {isa = PBXBuildFile; fileRef = C239F859196BE1C20043DA26 /* main_pay_press.jpg */; };
		C239F886196BE1C20043DA26 /* main_pick_normal.jpg in Resources */ = {isa = PBXBuildFile; fileRef = C239F85A196BE1C20043DA26 /* main_pick_normal.jpg */; };
		C239F887196BE1C20043DA26 /* main_pick_press.jpg in Resources */ = {isa = PBXBuildFile; fileRef = C239F85B196BE1C20043DA26 /* main_pick_press.jpg */; };
		C239F888196BE1C20043DA26 /* main_pre_account_normal.jpg in Resources */ = {isa = PBXBuildFile; fileRef = C239F85C196BE1C20043DA26 /* main_pre_account_normal.jpg */; };
		C239F889196BE1C20043DA26 /* main_pre_account_press.jpg in Resources */ = {isa = PBXBuildFile; fileRef = C239F85D196BE1C20043DA26 /* main_pre_account_press.jpg */; };
		C239F88A196BE1C20043DA26 /* main_title_login_normal.png in Resources */ = {isa = PBXBuildFile; fileRef = C239F85E196BE1C20043DA26 /* main_title_login_normal.png */; };
		C239F88B196BE1C20043DA26 /* main_title_login_press.png in Resources */ = {isa = PBXBuildFile; fileRef = C239F85F196BE1C20043DA26 /* main_title_login_press.png */; };
		C239F88C196BE1C20043DA26 /* main_update_normal.JPG in Resources */ = {isa = PBXBuildFile; fileRef = C239F860196BE1C20043DA26 /* main_update_normal.JPG */; };
		C239F88D196BE1C20043DA26 /* main_update_press.JPG in Resources */ = {isa = PBXBuildFile; fileRef = C239F861196BE1C20043DA26 /* main_update_press.JPG */; };
		C239F88E196BE1C20043DA26 /* pp_bg.9.png in Resources */ = {isa = PBXBuildFile; fileRef = C239F862196BE1C20043DA26 /* pp_bg.9.png */; };
		C239F88F196BE1C20043DA26 /* takephoto.png in Resources */ = {isa = PBXBuildFile; fileRef = C239F863196BE1C20043DA26 /* takephoto.png */; };
		C239F890196BE1C20043DA26 /* title_left_img.png in Resources */ = {isa = PBXBuildFile; fileRef = C239F864196BE1C20043DA26 /* title_left_img.png */; };
		C239F891196BE1C20043DA26 /* update_btn_nor.9.png in Resources */ = {isa = PBXBuildFile; fileRef = C239F865196BE1C20043DA26 /* update_btn_nor.9.png */; };
		C239F892196BE1C20043DA26 /* update_btn_sel.9.png in Resources */ = {isa = PBXBuildFile; fileRef = C239F866196BE1C20043DA26 /* update_btn_sel.9.png */; };
		C2E3FCEE1964F177006C7975 /* LoginViewController.m in Sources */ = {isa = PBXBuildFile; fileRef = C2E3FCED1964F177006C7975 /* LoginViewController.m */; };
		C2E3FCF619668A39006C7975 /* UpdateCheckingViewController.m in Sources */ = {isa = PBXBuildFile; fileRef = C2E3FCF519668A39006C7975 /* UpdateCheckingViewController.m */; };
		C2E3FCF919669B30006C7975 /* PayRecordViewController.m in Sources */ = {isa = PBXBuildFile; fileRef = C2E3FCF819669B30006C7975 /* PayRecordViewController.m */; };
		DC84ED8819713F40004FC315 /* MarketingTableViewController.m in Sources */ = {isa = PBXBuildFile; fileRef = DC84ED8719713F40004FC315 /* MarketingTableViewController.m */; };
		DCC3D626196C21CD0069B605 /* AddresseBookTableViewController.m in Sources */ = {isa = PBXBuildFile; fileRef = DCC3D625196C21CD0069B605 /* AddresseBookTableViewController.m */; };
		DCC3D62B196C21FF0069B605 /* TableLevle2TableViewController.m in Sources */ = {isa = PBXBuildFile; fileRef = DCC3D628196C21FF0069B605 /* TableLevle2TableViewController.m */; };
		DCC3D632196C227B0069B605 /* ConnectionAPI.m in Sources */ = {isa = PBXBuildFile; fileRef = DCC3D62F196C227B0069B605 /* ConnectionAPI.m */; };
		DCC3D633196C227B0069B605 /* DES3Util.m in Sources */ = {isa = PBXBuildFile; fileRef = DCC3D631196C227B0069B605 /* DES3Util.m */; };
		DCC3D637196C22B80069B605 /* GTMBase64.m in Sources */ = {isa = PBXBuildFile; fileRef = DCC3D635196C22B80069B605 /* GTMBase64.m */; };
		DCC3D640196C23040069B605 /* PayViewController.m in Sources */ = {isa = PBXBuildFile; fileRef = DCC3D63F196C23040069B605 /* PayViewController.m */; };
		DCC3D643196C23650069B605 /* PayValueViewController.m in Sources */ = {isa = PBXBuildFile; fileRef = DCC3D642196C23650069B605 /* PayValueViewController.m */; };
/* End PBXBuildFile section */

/* Begin PBXContainerItemProxy section */
		5660EB7D19599E18008D9264 /* PBXContainerItemProxy */ = {
			isa = PBXContainerItemProxy;
			containerPortal = 5660EB5519599E18008D9264 /* Project object */;
			proxyType = 1;
			remoteGlobalIDString = 5660EB5C19599E18008D9264;
			remoteInfo = "LeXiang100 Agent";
		};
/* End PBXContainerItemProxy section */

/* Begin PBXFileReference section */
		5610F50B196ECC7700670856 /* TestData.h */ = {isa = PBXFileReference; fileEncoding = 4; lastKnownFileType = sourcecode.c.h; path = TestData.h; sourceTree = "<group>"; };
		5610F50C196ECC7700670856 /* TestData.m */ = {isa = PBXFileReference; fileEncoding = 4; lastKnownFileType = sourcecode.c.objc; path = TestData.m; sourceTree = "<group>"; };
		5660EB5D19599E18008D9264 /* LeXiang100 Agent.app */ = {isa = PBXFileReference; explicitFileType = wrapper.application; includeInIndex = 0; path = "LeXiang100 Agent.app"; sourceTree = BUILT_PRODUCTS_DIR; };
		5660EB6019599E18008D9264 /* Foundation.framework */ = {isa = PBXFileReference; lastKnownFileType = wrapper.framework; name = Foundation.framework; path = System/Library/Frameworks/Foundation.framework; sourceTree = SDKROOT; };
		5660EB6219599E18008D9264 /* CoreGraphics.framework */ = {isa = PBXFileReference; lastKnownFileType = wrapper.framework; name = CoreGraphics.framework; path = System/Library/Frameworks/CoreGraphics.framework; sourceTree = SDKROOT; };
		5660EB6419599E18008D9264 /* UIKit.framework */ = {isa = PBXFileReference; lastKnownFileType = wrapper.framework; name = UIKit.framework; path = System/Library/Frameworks/UIKit.framework; sourceTree = SDKROOT; };
		5660EB6819599E18008D9264 /* LeXiang100 Agent-Info.plist */ = {isa = PBXFileReference; lastKnownFileType = text.plist.xml; path = "LeXiang100 Agent-Info.plist"; sourceTree = "<group>"; };
		5660EB6A19599E18008D9264 /* en */ = {isa = PBXFileReference; lastKnownFileType = text.plist.strings; name = en; path = en.lproj/InfoPlist.strings; sourceTree = "<group>"; };
		5660EB6C19599E18008D9264 /* main.m */ = {isa = PBXFileReference; lastKnownFileType = sourcecode.c.objc; path = main.m; sourceTree = "<group>"; };
		5660EB6E19599E18008D9264 /* LeXiang100 Agent-Prefix.pch */ = {isa = PBXFileReference; lastKnownFileType = sourcecode.c.h; path = "LeXiang100 Agent-Prefix.pch"; sourceTree = "<group>"; };
		5660EB6F19599E18008D9264 /* AppDelegate.h */ = {isa = PBXFileReference; lastKnownFileType = sourcecode.c.h; path = AppDelegate.h; sourceTree = "<group>"; };
		5660EB7019599E18008D9264 /* AppDelegate.m */ = {isa = PBXFileReference; lastKnownFileType = sourcecode.c.objc; path = AppDelegate.m; sourceTree = "<group>"; };
		5660EB7219599E18008D9264 /* Images.xcassets */ = {isa = PBXFileReference; lastKnownFileType = folder.assetcatalog; path = Images.xcassets; sourceTree = "<group>"; };
		5660EB7819599E18008D9264 /* LeXiang100 AgentTests.xctest */ = {isa = PBXFileReference; explicitFileType = wrapper.cfbundle; includeInIndex = 0; path = "LeXiang100 AgentTests.xctest"; sourceTree = BUILT_PRODUCTS_DIR; };
		5660EB7919599E18008D9264 /* XCTest.framework */ = {isa = PBXFileReference; lastKnownFileType = wrapper.framework; name = XCTest.framework; path = Library/Frameworks/XCTest.framework; sourceTree = DEVELOPER_DIR; };
		5660EB8119599E18008D9264 /* LeXiang100 AgentTests-Info.plist */ = {isa = PBXFileReference; lastKnownFileType = text.plist.xml; path = "LeXiang100 AgentTests-Info.plist"; sourceTree = "<group>"; };
		5660EB8319599E18008D9264 /* en */ = {isa = PBXFileReference; lastKnownFileType = text.plist.strings; name = en; path = en.lproj/InfoPlist.strings; sourceTree = "<group>"; };
		5660EB8519599E18008D9264 /* LeXiang100_AgentTests.m */ = {isa = PBXFileReference; lastKnownFileType = sourcecode.c.objc; path = LeXiang100_AgentTests.m; sourceTree = "<group>"; };
		5660EB8F19599E3B008D9264 /* MainUIViewController.h */ = {isa = PBXFileReference; fileEncoding = 4; lastKnownFileType = sourcecode.c.h; path = MainUIViewController.h; sourceTree = "<group>"; };
		5660EB9019599E3B008D9264 /* MainUIViewController.m */ = {isa = PBXFileReference; fileEncoding = 4; lastKnownFileType = sourcecode.c.objc; path = MainUIViewController.m; sourceTree = "<group>"; };
		C239F835196981550043DA26 /* UIColorForiOS7Colors.h */ = {isa = PBXFileReference; fileEncoding = 4; lastKnownFileType = sourcecode.c.h; name = UIColorForiOS7Colors.h; path = ../UIColorForiOS7Colors.h; sourceTree = "<group>"; };
		C239F836196981550043DA26 /* UIColorForiOS7Colors.m */ = {isa = PBXFileReference; fileEncoding = 4; lastKnownFileType = sourcecode.c.objc; name = UIColorForiOS7Colors.m; path = ../UIColorForiOS7Colors.m; sourceTree = "<group>"; };
		C239F83B196BE1C20043DA26 /* acquire_btn_normal.png */ = {isa = PBXFileReference; lastKnownFileType = image.png; name = acquire_btn_normal.png; path = "drawable-hdpi/acquire_btn_normal.png"; sourceTree = "<group>"; };
		C239F83C196BE1C20043DA26 /* acquire_btn_press.png */ = {isa = PBXFileReference; lastKnownFileType = image.png; name = acquire_btn_press.png; path = "drawable-hdpi/acquire_btn_press.png"; sourceTree = "<group>"; };
		C239F83D196BE1C20043DA26 /* arrow_normal.png */ = {isa = PBXFileReference; lastKnownFileType = image.png; name = arrow_normal.png; path = "drawable-hdpi/arrow_normal.png"; sourceTree = "<group>"; };
		C239F83E196BE1C20043DA26 /* arrow_pressed.png */ = {isa = PBXFileReference; lastKnownFileType = image.png; name = arrow_pressed.png; path = "drawable-hdpi/arrow_pressed.png"; sourceTree = "<group>"; };
		C239F83F196BE1C20043DA26 /* bg_gray.png */ = {isa = PBXFileReference; lastKnownFileType = image.png; name = bg_gray.png; path = "drawable-hdpi/bg_gray.png"; sourceTree = "<group>"; };
		C239F840196BE1C20043DA26 /* bg_listview_frame.9.png */ = {isa = PBXFileReference; lastKnownFileType = image.png; name = bg_listview_frame.9.png; path = "drawable-hdpi/bg_listview_frame.9.png"; sourceTree = "<group>"; };
		C239F841196BE1C20043DA26 /* bg_listview.png */ = {isa = PBXFileReference; lastKnownFileType = image.png; name = bg_listview.png; path = "drawable-hdpi/bg_listview.png"; sourceTree = "<group>"; };
		C239F842196BE1C20043DA26 /* bg_titlebar.jpg */ = {isa = PBXFileReference; lastKnownFileType = image.jpeg; name = bg_titlebar.jpg; path = "drawable-hdpi/bg_titlebar.jpg"; sourceTree = "<group>"; };
		C239F843196BE1C20043DA26 /* btn_back_normal.png */ = {isa = PBXFileReference; lastKnownFileType = image.png; name = btn_back_normal.png; path = "drawable-hdpi/btn_back_normal.png"; sourceTree = "<group>"; };
		C239F844196BE1C20043DA26 /* btn_back_press.png */ = {isa = PBXFileReference; lastKnownFileType = image.png; name = btn_back_press.png; path = "drawable-hdpi/btn_back_press.png"; sourceTree = "<group>"; };
		C239F845196BE1C20043DA26 /* btn_common_normal.9.png */ = {isa = PBXFileReference; lastKnownFileType = image.png; name = btn_common_normal.9.png; path = "drawable-hdpi/btn_common_normal.9.png"; sourceTree = "<group>"; };
		C239F846196BE1C20043DA26 /* btn_common_press.9.png */ = {isa = PBXFileReference; lastKnownFileType = image.png; name = btn_common_press.9.png; path = "drawable-hdpi/btn_common_press.9.png"; sourceTree = "<group>"; };
		C239F847196BE1C20043DA26 /* calendar.png */ = {isa = PBXFileReference; lastKnownFileType = image.png; name = calendar.png; path = "drawable-hdpi/calendar.png"; sourceTree = "<group>"; };
		C239F848196BE1C20043DA26 /* contacts.png */ = {isa = PBXFileReference; lastKnownFileType = image.png; name = contacts.png; path = "drawable-hdpi/contacts.png"; sourceTree = "<group>"; };
		C239F849196BE1C20043DA26 /* default_avatar.png */ = {isa = PBXFileReference; lastKnownFileType = image.png; name = default_avatar.png; path = "drawable-hdpi/default_avatar.png"; sourceTree = "<group>"; };
		C239F84A196BE1C20043DA26 /* file_document.png */ = {isa = PBXFileReference; lastKnownFileType = image.png; name = file_document.png; path = "drawable-hdpi/file_document.png"; sourceTree = "<group>"; };
		C239F84B196BE1C20043DA26 /* ic_launcher.png */ = {isa = PBXFileReference; lastKnownFileType = image.png; name = ic_launcher.png; path = "drawable-hdpi/ic_launcher.png"; sourceTree = "<group>"; };
		C239F84C196BE1C20043DA26 /* login_btn_normal.png */ = {isa = PBXFileReference; lastKnownFileType = image.png; name = login_btn_normal.png; path = "drawable-hdpi/login_btn_normal.png"; sourceTree = "<group>"; };
		C239F84D196BE1C20043DA26 /* login_btn_press.png */ = {isa = PBXFileReference; lastKnownFileType = image.png; name = login_btn_press.png; path = "drawable-hdpi/login_btn_press.png"; sourceTree = "<group>"; };
		C239F84E196BE1C20043DA26 /* login_pwd.png */ = {isa = PBXFileReference; lastKnownFileType = image.png; name = login_pwd.png; path = "drawable-hdpi/login_pwd.png"; sourceTree = "<group>"; };
		C239F84F196BE1C20043DA26 /* login_title.png */ = {isa = PBXFileReference; lastKnownFileType = image.png; name = login_title.png; path = "drawable-hdpi/login_title.png"; sourceTree = "<group>"; };
		C239F850196BE1C20043DA26 /* login_user.png */ = {isa = PBXFileReference; lastKnownFileType = image.png; name = login_user.png; path = "drawable-hdpi/login_user.png"; sourceTree = "<group>"; };
		C239F851196BE1C20043DA26 /* lx100.png */ = {isa = PBXFileReference; lastKnownFileType = image.png; name = lx100.png; path = "drawable-hdpi/lx100.png"; sourceTree = "<group>"; };
		C239F852196BE1C20043DA26 /* main_credit_normal.jpg */ = {isa = PBXFileReference; lastKnownFileType = image.jpeg; name = main_credit_normal.jpg; path = "drawable-hdpi/main_credit_normal.jpg"; sourceTree = "<group>"; };
		C239F853196BE1C20043DA26 /* main_credit_press.jpg */ = {isa = PBXFileReference; lastKnownFileType = image.jpeg; name = main_credit_press.jpg; path = "drawable-hdpi/main_credit_press.jpg"; sourceTree = "<group>"; };
		C239F854196BE1C20043DA26 /* main_marketing_normal.jpg */ = {isa = PBXFileReference; lastKnownFileType = image.jpeg; name = main_marketing_normal.jpg; path = "drawable-hdpi/main_marketing_normal.jpg"; sourceTree = "<group>"; };
		C239F855196BE1C20043DA26 /* main_marketing_press.jpg */ = {isa = PBXFileReference; lastKnownFileType = image.jpeg; name = main_marketing_press.jpg; path = "drawable-hdpi/main_marketing_press.jpg"; sourceTree = "<group>"; };
		C239F856196BE1C20043DA26 /* main_pay_history_normal.JPG */ = {isa = PBXFileReference; lastKnownFileType = image.jpeg; name = main_pay_history_normal.JPG; path = "drawable-hdpi/main_pay_history_normal.JPG"; sourceTree = "<group>"; };
		C239F857196BE1C20043DA26 /* main_pay_history_press.JPG */ = {isa = PBXFileReference; lastKnownFileType = image.jpeg; name = main_pay_history_press.JPG; path = "drawable-hdpi/main_pay_history_press.JPG"; sourceTree = "<group>"; };
		C239F858196BE1C20043DA26 /* main_pay_normal.jpg */ = {isa = PBXFileReference; lastKnownFileType = image.jpeg; name = main_pay_normal.jpg; path = "drawable-hdpi/main_pay_normal.jpg"; sourceTree = "<group>"; };
		C239F859196BE1C20043DA26 /* main_pay_press.jpg */ = {isa = PBXFileReference; lastKnownFileType = image.jpeg; name = main_pay_press.jpg; path = "drawable-hdpi/main_pay_press.jpg"; sourceTree = "<group>"; };
		C239F85A196BE1C20043DA26 /* main_pick_normal.jpg */ = {isa = PBXFileReference; lastKnownFileType = image.jpeg; name = main_pick_normal.jpg; path = "drawable-hdpi/main_pick_normal.jpg"; sourceTree = "<group>"; };
		C239F85B196BE1C20043DA26 /* main_pick_press.jpg */ = {isa = PBXFileReference; lastKnownFileType = image.jpeg; name = main_pick_press.jpg; path = "drawable-hdpi/main_pick_press.jpg"; sourceTree = "<group>"; };
		C239F85C196BE1C20043DA26 /* main_pre_account_normal.jpg */ = {isa = PBXFileReference; lastKnownFileType = image.jpeg; name = main_pre_account_normal.jpg; path = "drawable-hdpi/main_pre_account_normal.jpg"; sourceTree = "<group>"; };
		C239F85D196BE1C20043DA26 /* main_pre_account_press.jpg */ = {isa = PBXFileReference; lastKnownFileType = image.jpeg; name = main_pre_account_press.jpg; path = "drawable-hdpi/main_pre_account_press.jpg"; sourceTree = "<group>"; };
		C239F85E196BE1C20043DA26 /* main_title_login_normal.png */ = {isa = PBXFileReference; lastKnownFileType = image.png; name = main_title_login_normal.png; path = "drawable-hdpi/main_title_login_normal.png"; sourceTree = "<group>"; };
		C239F85F196BE1C20043DA26 /* main_title_login_press.png */ = {isa = PBXFileReference; lastKnownFileType = image.png; name = main_title_login_press.png; path = "drawable-hdpi/main_title_login_press.png"; sourceTree = "<group>"; };
		C239F860196BE1C20043DA26 /* main_update_normal.JPG */ = {isa = PBXFileReference; lastKnownFileType = image.jpeg; name = main_update_normal.JPG; path = "drawable-hdpi/main_update_normal.JPG"; sourceTree = "<group>"; };
		C239F861196BE1C20043DA26 /* main_update_press.JPG */ = {isa = PBXFileReference; lastKnownFileType = image.jpeg; name = main_update_press.JPG; path = "drawable-hdpi/main_update_press.JPG"; sourceTree = "<group>"; };
		C239F862196BE1C20043DA26 /* pp_bg.9.png */ = {isa = PBXFileReference; lastKnownFileType = image.png; name = pp_bg.9.png; path = "drawable-hdpi/pp_bg.9.png"; sourceTree = "<group>"; };
		C239F863196BE1C20043DA26 /* takephoto.png */ = {isa = PBXFileReference; lastKnownFileType = image.png; name = takephoto.png; path = "drawable-hdpi/takephoto.png"; sourceTree = "<group>"; };
		C239F864196BE1C20043DA26 /* title_left_img.png */ = {isa = PBXFileReference; lastKnownFileType = image.png; name = title_left_img.png; path = "drawable-hdpi/title_left_img.png"; sourceTree = "<group>"; };
		C239F865196BE1C20043DA26 /* update_btn_nor.9.png */ = {isa = PBXFileReference; lastKnownFileType = image.png; name = update_btn_nor.9.png; path = "drawable-hdpi/update_btn_nor.9.png"; sourceTree = "<group>"; };
		C239F866196BE1C20043DA26 /* update_btn_sel.9.png */ = {isa = PBXFileReference; lastKnownFileType = image.png; name = update_btn_sel.9.png; path = "drawable-hdpi/update_btn_sel.9.png"; sourceTree = "<group>"; };
		C2E3FCEC1964F177006C7975 /* LoginViewController.h */ = {isa = PBXFileReference; fileEncoding = 4; lastKnownFileType = sourcecode.c.h; path = LoginViewController.h; sourceTree = "<group>"; };
		C2E3FCED1964F177006C7975 /* LoginViewController.m */ = {isa = PBXFileReference; fileEncoding = 4; lastKnownFileType = sourcecode.c.objc; path = LoginViewController.m; sourceTree = "<group>"; };
		C2E3FCF419668A39006C7975 /* UpdateCheckingViewController.h */ = {isa = PBXFileReference; fileEncoding = 4; lastKnownFileType = sourcecode.c.h; path = UpdateCheckingViewController.h; sourceTree = "<group>"; };
		C2E3FCF519668A39006C7975 /* UpdateCheckingViewController.m */ = {isa = PBXFileReference; fileEncoding = 4; lastKnownFileType = sourcecode.c.objc; path = UpdateCheckingViewController.m; sourceTree = "<group>"; };
		C2E3FCF719669B30006C7975 /* PayRecordViewController.h */ = {isa = PBXFileReference; fileEncoding = 4; lastKnownFileType = sourcecode.c.h; path = PayRecordViewController.h; sourceTree = "<group>"; };
		C2E3FCF819669B30006C7975 /* PayRecordViewController.m */ = {isa = PBXFileReference; fileEncoding = 4; lastKnownFileType = sourcecode.c.objc; path = PayRecordViewController.m; sourceTree = "<group>"; };
		DC84ED8619713F40004FC315 /* MariketingTableViewController.h */ = {isa = PBXFileReference; fileEncoding = 4; lastKnownFileType = sourcecode.c.h; path = MariketingTableViewController.h; sourceTree = "<group>"; };
		DC84ED8719713F40004FC315 /* MarketingTableViewController.m */ = {isa = PBXFileReference; fileEncoding = 4; lastKnownFileType = sourcecode.c.objc; path = MarketingTableViewController.m; sourceTree = "<group>"; };
		DCC3D624196C21CD0069B605 /* AddresseBookTableViewController.h */ = {isa = PBXFileReference; fileEncoding = 4; lastKnownFileType = sourcecode.c.h; path = AddresseBookTableViewController.h; sourceTree = "<group>"; };
		DCC3D625196C21CD0069B605 /* AddresseBookTableViewController.m */ = {isa = PBXFileReference; fileEncoding = 4; lastKnownFileType = sourcecode.c.objc; path = AddresseBookTableViewController.m; sourceTree = "<group>"; };
		DCC3D627196C21FF0069B605 /* TableLevle2TableViewController.h */ = {isa = PBXFileReference; fileEncoding = 4; lastKnownFileType = sourcecode.c.h; path = TableLevle2TableViewController.h; sourceTree = "<group>"; };
		DCC3D628196C21FF0069B605 /* TableLevle2TableViewController.m */ = {isa = PBXFileReference; fileEncoding = 4; lastKnownFileType = sourcecode.c.objc; path = TableLevle2TableViewController.m; sourceTree = "<group>"; };
		DCC3D62E196C227B0069B605 /* ConnectionAPI.h */ = {isa = PBXFileReference; fileEncoding = 4; lastKnownFileType = sourcecode.c.h; path = ConnectionAPI.h; sourceTree = "<group>"; };
		DCC3D62F196C227B0069B605 /* ConnectionAPI.m */ = {isa = PBXFileReference; fileEncoding = 4; lastKnownFileType = sourcecode.c.objc; path = ConnectionAPI.m; sourceTree = "<group>"; };
		DCC3D630196C227B0069B605 /* DES3Util.h */ = {isa = PBXFileReference; fileEncoding = 4; lastKnownFileType = sourcecode.c.h; path = DES3Util.h; sourceTree = "<group>"; };
		DCC3D631196C227B0069B605 /* DES3Util.m */ = {isa = PBXFileReference; fileEncoding = 4; lastKnownFileType = sourcecode.c.objc; path = DES3Util.m; sourceTree = "<group>"; };
		DCC3D634196C22B80069B605 /* GTMBase64.h */ = {isa = PBXFileReference; fileEncoding = 4; lastKnownFileType = sourcecode.c.h; path = GTMBase64.h; sourceTree = "<group>"; };
		DCC3D635196C22B80069B605 /* GTMBase64.m */ = {isa = PBXFileReference; fileEncoding = 4; lastKnownFileType = sourcecode.c.objc; path = GTMBase64.m; sourceTree = "<group>"; };
		DCC3D636196C22B80069B605 /* GTMDefines.h */ = {isa = PBXFileReference; fileEncoding = 4; lastKnownFileType = sourcecode.c.h; path = GTMDefines.h; sourceTree = "<group>"; };
		DCC3D63E196C23040069B605 /* PayViewController.h */ = {isa = PBXFileReference; fileEncoding = 4; lastKnownFileType = sourcecode.c.h; path = PayViewController.h; sourceTree = "<group>"; };
		DCC3D63F196C23040069B605 /* PayViewController.m */ = {isa = PBXFileReference; fileEncoding = 4; lastKnownFileType = sourcecode.c.objc; path = PayViewController.m; sourceTree = "<group>"; };
		DCC3D641196C23650069B605 /* PayValueViewController.h */ = {isa = PBXFileReference; fileEncoding = 4; lastKnownFileType = sourcecode.c.h; path = PayValueViewController.h; sourceTree = "<group>"; };
		DCC3D642196C23650069B605 /* PayValueViewController.m */ = {isa = PBXFileReference; fileEncoding = 4; lastKnownFileType = sourcecode.c.objc; path = PayValueViewController.m; sourceTree = "<group>"; };
/* End PBXFileReference section */

/* Begin PBXFrameworksBuildPhase section */
		5660EB5A19599E18008D9264 /* Frameworks */ = {
			isa = PBXFrameworksBuildPhase;
			buildActionMask = 2147483647;
			files = (
				5660EB6319599E18008D9264 /* CoreGraphics.framework in Frameworks */,
				5660EB6519599E18008D9264 /* UIKit.framework in Frameworks */,
				5660EB6119599E18008D9264 /* Foundation.framework in Frameworks */,
			);
			runOnlyForDeploymentPostprocessing = 0;
		};
		5660EB7519599E18008D9264 /* Frameworks */ = {
			isa = PBXFrameworksBuildPhase;
			buildActionMask = 2147483647;
			files = (
				5660EB7A19599E18008D9264 /* XCTest.framework in Frameworks */,
				5660EB7C19599E18008D9264 /* UIKit.framework in Frameworks */,
				5660EB7B19599E18008D9264 /* Foundation.framework in Frameworks */,
			);
			runOnlyForDeploymentPostprocessing = 0;
		};
/* End PBXFrameworksBuildPhase section */

/* Begin PBXGroup section */
		5660EB5419599E18008D9264 = {
			isa = PBXGroup;
			children = (
				5660EB6619599E18008D9264 /* LeXiang100 Agent */,
				5660EB7F19599E18008D9264 /* LeXiang100 AgentTests */,
				5660EB5F19599E18008D9264 /* Frameworks */,
				5660EB5E19599E18008D9264 /* Products */,
				C26CBA831961901D005CC76D /* resourses */,
			);
			sourceTree = "<group>";
		};
		5660EB5E19599E18008D9264 /* Products */ = {
			isa = PBXGroup;
			children = (
				5660EB5D19599E18008D9264 /* LeXiang100 Agent.app */,
				5660EB7819599E18008D9264 /* LeXiang100 AgentTests.xctest */,
			);
			name = Products;
			sourceTree = "<group>";
		};
		5660EB5F19599E18008D9264 /* Frameworks */ = {
			isa = PBXGroup;
			children = (
				5660EB6019599E18008D9264 /* Foundation.framework */,
				5660EB6219599E18008D9264 /* CoreGraphics.framework */,
				5660EB6419599E18008D9264 /* UIKit.framework */,
				5660EB7919599E18008D9264 /* XCTest.framework */,
			);
			name = Frameworks;
			sourceTree = "<group>";
		};
		5660EB6619599E18008D9264 /* LeXiang100 Agent */ = {
			isa = PBXGroup;
			children = (
				5660EB8F19599E3B008D9264 /* MainUIViewController.h */,
				5660EB9019599E3B008D9264 /* MainUIViewController.m */,
				5660EB6F19599E18008D9264 /* AppDelegate.h */,
				5660EB7019599E18008D9264 /* AppDelegate.m */,
				DCC3D62D196C22500069B605 /* conn */,
				5660EB7219599E18008D9264 /* Images.xcassets */,
				C26CBA7F19618AAD005CC76D /* MainView */,
				5660EB6719599E18008D9264 /* Supporting Files */,
			);
			path = "LeXiang100 Agent";
			sourceTree = "<group>";
		};
		5660EB6719599E18008D9264 /* Supporting Files */ = {
			isa = PBXGroup;
			children = (
				5610F50B196ECC7700670856 /* TestData.h */,
				5610F50C196ECC7700670856 /* TestData.m */,
				DCC3D624196C21CD0069B605 /* AddresseBookTableViewController.h */,
				DC84ED8619713F40004FC315 /* MariketingTableViewController.h */,
				DC84ED8719713F40004FC315 /* MarketingTableViewController.m */,
				DCC3D625196C21CD0069B605 /* AddresseBookTableViewController.m */,
				DCC3D627196C21FF0069B605 /* TableLevle2TableViewController.h */,
				DCC3D628196C21FF0069B605 /* TableLevle2TableViewController.m */,
				C239F835196981550043DA26 /* UIColorForiOS7Colors.h */,
				C239F836196981550043DA26 /* UIColorForiOS7Colors.m */,
				5660EB6819599E18008D9264 /* LeXiang100 Agent-Info.plist */,
				5660EB6919599E18008D9264 /* InfoPlist.strings */,
				5660EB6C19599E18008D9264 /* main.m */,
				5660EB6E19599E18008D9264 /* LeXiang100 Agent-Prefix.pch */,
			);
			name = "Supporting Files";
			sourceTree = "<group>";
		};
		5660EB7F19599E18008D9264 /* LeXiang100 AgentTests */ = {
			isa = PBXGroup;
			children = (
				5660EB8519599E18008D9264 /* LeXiang100_AgentTests.m */,
				5660EB8019599E18008D9264 /* Supporting Files */,
			);
			path = "LeXiang100 AgentTests";
			sourceTree = "<group>";
		};
		5660EB8019599E18008D9264 /* Supporting Files */ = {
			isa = PBXGroup;
			children = (
				5660EB8119599E18008D9264 /* LeXiang100 AgentTests-Info.plist */,
				5660EB8219599E18008D9264 /* InfoPlist.strings */,
			);
			name = "Supporting Files";
			sourceTree = "<group>";
		};
		C26CBA7F19618AAD005CC76D /* MainView */ = {
			isa = PBXGroup;
			children = (
				C2E3FCEC1964F177006C7975 /* LoginViewController.h */,
				C2E3FCED1964F177006C7975 /* LoginViewController.m */,
				C2E3FCF419668A39006C7975 /* UpdateCheckingViewController.h */,
				C2E3FCF519668A39006C7975 /* UpdateCheckingViewController.m */,
				C2E3FCF719669B30006C7975 /* PayRecordViewController.h */,
				C2E3FCF819669B30006C7975 /* PayRecordViewController.m */,
				DCC3D63E196C23040069B605 /* PayViewController.h */,
				DCC3D63F196C23040069B605 /* PayViewController.m */,
				DCC3D641196C23650069B605 /* PayValueViewController.h */,
				DCC3D642196C23650069B605 /* PayValueViewController.m */,
			);
			name = MainView;
			sourceTree = "<group>";
		};
		C26CBA831961901D005CC76D /* resourses */ = {
			isa = PBXGroup;
			children = (
				C239F83B196BE1C20043DA26 /* acquire_btn_normal.png */,
				C239F83C196BE1C20043DA26 /* acquire_btn_press.png */,
				C239F83D196BE1C20043DA26 /* arrow_normal.png */,
				C239F83E196BE1C20043DA26 /* arrow_pressed.png */,
				C239F83F196BE1C20043DA26 /* bg_gray.png */,
				C239F840196BE1C20043DA26 /* bg_listview_frame.9.png */,
				C239F841196BE1C20043DA26 /* bg_listview.png */,
				C239F842196BE1C20043DA26 /* bg_titlebar.jpg */,
				C239F843196BE1C20043DA26 /* btn_back_normal.png */,
				C239F844196BE1C20043DA26 /* btn_back_press.png */,
				C239F845196BE1C20043DA26 /* btn_common_normal.9.png */,
				C239F846196BE1C20043DA26 /* btn_common_press.9.png */,
				C239F847196BE1C20043DA26 /* calendar.png */,
				C239F848196BE1C20043DA26 /* contacts.png */,
				C239F849196BE1C20043DA26 /* default_avatar.png */,
				C239F84A196BE1C20043DA26 /* file_document.png */,
				C239F84B196BE1C20043DA26 /* ic_launcher.png */,
				C239F84C196BE1C20043DA26 /* login_btn_normal.png */,
				C239F84D196BE1C20043DA26 /* login_btn_press.png */,
				C239F84E196BE1C20043DA26 /* login_pwd.png */,
				C239F84F196BE1C20043DA26 /* login_title.png */,
				C239F850196BE1C20043DA26 /* login_user.png */,
				C239F851196BE1C20043DA26 /* lx100.png */,
				C239F852196BE1C20043DA26 /* main_credit_normal.jpg */,
				C239F853196BE1C20043DA26 /* main_credit_press.jpg */,
				C239F854196BE1C20043DA26 /* main_marketing_normal.jpg */,
				C239F855196BE1C20043DA26 /* main_marketing_press.jpg */,
				C239F856196BE1C20043DA26 /* main_pay_history_normal.JPG */,
				C239F857196BE1C20043DA26 /* main_pay_history_press.JPG */,
				C239F858196BE1C20043DA26 /* main_pay_normal.jpg */,
				C239F859196BE1C20043DA26 /* main_pay_press.jpg */,
				C239F85A196BE1C20043DA26 /* main_pick_normal.jpg */,
				C239F85B196BE1C20043DA26 /* main_pick_press.jpg */,
				C239F85C196BE1C20043DA26 /* main_pre_account_normal.jpg */,
				C239F85D196BE1C20043DA26 /* main_pre_account_press.jpg */,
				C239F85E196BE1C20043DA26 /* main_title_login_normal.png */,
				C239F85F196BE1C20043DA26 /* main_title_login_press.png */,
				C239F860196BE1C20043DA26 /* main_update_normal.JPG */,
				C239F861196BE1C20043DA26 /* main_update_press.JPG */,
				C239F862196BE1C20043DA26 /* pp_bg.9.png */,
				C239F863196BE1C20043DA26 /* takephoto.png */,
				C239F864196BE1C20043DA26 /* title_left_img.png */,
				C239F865196BE1C20043DA26 /* update_btn_nor.9.png */,
				C239F866196BE1C20043DA26 /* update_btn_sel.9.png */,
			);
			name = resourses;
			sourceTree = "<group>";
		};
		DCC3D62D196C22500069B605 /* conn */ = {
			isa = PBXGroup;
			children = (
				DCC3D62E196C227B0069B605 /* ConnectionAPI.h */,
				DCC3D62F196C227B0069B605 /* ConnectionAPI.m */,
				DCC3D634196C22B80069B605 /* GTMBase64.h */,
				DCC3D635196C22B80069B605 /* GTMBase64.m */,
				DCC3D636196C22B80069B605 /* GTMDefines.h */,
				DCC3D630196C227B0069B605 /* DES3Util.h */,
				DCC3D631196C227B0069B605 /* DES3Util.m */,
			);
			name = conn;
			sourceTree = "<group>";
		};
/* End PBXGroup section */

/* Begin PBXNativeTarget section */
		5660EB5C19599E18008D9264 /* LeXiang100 Agent */ = {
			isa = PBXNativeTarget;
			buildConfigurationList = 5660EB8919599E18008D9264 /* Build configuration list for PBXNativeTarget "LeXiang100 Agent" */;
			buildPhases = (
				5660EB5919599E18008D9264 /* Sources */,
				5660EB5A19599E18008D9264 /* Frameworks */,
				5660EB5B19599E18008D9264 /* Resources */,
			);
			buildRules = (
			);
			dependencies = (
			);
			name = "LeXiang100 Agent";
			productName = "LeXiang100 Agent";
			productReference = 5660EB5D19599E18008D9264 /* LeXiang100 Agent.app */;
			productType = "com.apple.product-type.application";
		};
		5660EB7719599E18008D9264 /* LeXiang100 AgentTests */ = {
			isa = PBXNativeTarget;
			buildConfigurationList = 5660EB8C19599E18008D9264 /* Build configuration list for PBXNativeTarget "LeXiang100 AgentTests" */;
			buildPhases = (
				5660EB7419599E18008D9264 /* Sources */,
				5660EB7519599E18008D9264 /* Frameworks */,
				5660EB7619599E18008D9264 /* Resources */,
			);
			buildRules = (
			);
			dependencies = (
				5660EB7E19599E18008D9264 /* PBXTargetDependency */,
			);
			name = "LeXiang100 AgentTests";
			productName = "LeXiang100 AgentTests";
			productReference = 5660EB7819599E18008D9264 /* LeXiang100 AgentTests.xctest */;
			productType = "com.apple.product-type.bundle.unit-test";
		};
/* End PBXNativeTarget section */

/* Begin PBXProject section */
		5660EB5519599E18008D9264 /* Project object */ = {
			isa = PBXProject;
			attributes = {
				LastUpgradeCheck = 0510;
				ORGANIZATIONNAME = ZengYifei;
				TargetAttributes = {
					5660EB5C19599E18008D9264 = {
						DevelopmentTeam = 2J4W3PQH6N;
					};
					5660EB7719599E18008D9264 = {
						TestTargetID = 5660EB5C19599E18008D9264;
					};
				};
			};
			buildConfigurationList = 5660EB5819599E18008D9264 /* Build configuration list for PBXProject "LeXiang100 Agent" */;
			compatibilityVersion = "Xcode 3.2";
			developmentRegion = English;
			hasScannedForEncodings = 0;
			knownRegions = (
				en,
			);
			mainGroup = 5660EB5419599E18008D9264;
			productRefGroup = 5660EB5E19599E18008D9264 /* Products */;
			projectDirPath = "";
			projectRoot = "";
			targets = (
				5660EB5C19599E18008D9264 /* LeXiang100 Agent */,
				5660EB7719599E18008D9264 /* LeXiang100 AgentTests */,
			);
		};
/* End PBXProject section */

/* Begin PBXResourcesBuildPhase section */
		5660EB5B19599E18008D9264 /* Resources */ = {
			isa = PBXResourcesBuildPhase;
			buildActionMask = 2147483647;
			files = (
				C239F86A196BE1C20043DA26 /* arrow_pressed.png in Resources */,
				C239F891196BE1C20043DA26 /* update_btn_nor.9.png in Resources */,
				5660EB6B19599E18008D9264 /* InfoPlist.strings in Resources */,
				C239F86F196BE1C20043DA26 /* btn_back_normal.png in Resources */,
				C239F878196BE1C20043DA26 /* login_btn_normal.png in Resources */,
				C239F892196BE1C20043DA26 /* update_btn_sel.9.png in Resources */,
				C239F889196BE1C20043DA26 /* main_pre_account_press.jpg in Resources */,
				C239F87E196BE1C20043DA26 /* main_credit_normal.jpg in Resources */,
				C239F86C196BE1C20043DA26 /* bg_listview_frame.9.png in Resources */,
				C239F87A196BE1C20043DA26 /* login_pwd.png in Resources */,
				C239F86B196BE1C20043DA26 /* bg_gray.png in Resources */,
				C239F877196BE1C20043DA26 /* ic_launcher.png in Resources */,
				C239F87C196BE1C20043DA26 /* login_user.png in Resources */,
				C239F870196BE1C20043DA26 /* btn_back_press.png in Resources */,
				C239F883196BE1C20043DA26 /* main_pay_history_press.JPG in Resources */,
				C239F87D196BE1C20043DA26 /* lx100.png in Resources */,
				C239F86D196BE1C20043DA26 /* bg_listview.png in Resources */,
				C239F873196BE1C20043DA26 /* calendar.png in Resources */,
				C239F868196BE1C20043DA26 /* acquire_btn_press.png in Resources */,
				C239F879196BE1C20043DA26 /* login_btn_press.png in Resources */,
				C239F888196BE1C20043DA26 /* main_pre_account_normal.jpg in Resources */,
				C239F88E196BE1C20043DA26 /* pp_bg.9.png in Resources */,
				C239F869196BE1C20043DA26 /* arrow_normal.png in Resources */,
				C239F890196BE1C20043DA26 /* title_left_img.png in Resources */,
				C239F885196BE1C20043DA26 /* main_pay_press.jpg in Resources */,
				C239F86E196BE1C20043DA26 /* bg_titlebar.jpg in Resources */,
				C239F886196BE1C20043DA26 /* main_pick_normal.jpg in Resources */,
				C239F887196BE1C20043DA26 /* main_pick_press.jpg in Resources */,
				C239F880196BE1C20043DA26 /* main_marketing_normal.jpg in Resources */,
				C239F872196BE1C20043DA26 /* btn_common_press.9.png in Resources */,
				C239F867196BE1C20043DA26 /* acquire_btn_normal.png in Resources */,
				C239F871196BE1C20043DA26 /* btn_common_normal.9.png in Resources */,
				C239F88C196BE1C20043DA26 /* main_update_normal.JPG in Resources */,
				C239F87B196BE1C20043DA26 /* login_title.png in Resources */,
				C239F88B196BE1C20043DA26 /* main_title_login_press.png in Resources */,
				C239F884196BE1C20043DA26 /* main_pay_normal.jpg in Resources */,
				C239F876196BE1C20043DA26 /* file_document.png in Resources */,
				C239F87F196BE1C20043DA26 /* main_credit_press.jpg in Resources */,
				C239F875196BE1C20043DA26 /* default_avatar.png in Resources */,
				C239F88D196BE1C20043DA26 /* main_update_press.JPG in Resources */,
				C239F881196BE1C20043DA26 /* main_marketing_press.jpg in Resources */,
				C239F88A196BE1C20043DA26 /* main_title_login_normal.png in Resources */,
				C239F88F196BE1C20043DA26 /* takephoto.png in Resources */,
				C239F882196BE1C20043DA26 /* main_pay_history_normal.JPG in Resources */,
				C239F874196BE1C20043DA26 /* contacts.png in Resources */,
				5660EB7319599E18008D9264 /* Images.xcassets in Resources */,
			);
			runOnlyForDeploymentPostprocessing = 0;
		};
		5660EB7619599E18008D9264 /* Resources */ = {
			isa = PBXResourcesBuildPhase;
			buildActionMask = 2147483647;
			files = (
				5660EB8419599E18008D9264 /* InfoPlist.strings in Resources */,
			);
			runOnlyForDeploymentPostprocessing = 0;
		};
/* End PBXResourcesBuildPhase section */

/* Begin PBXSourcesBuildPhase section */
		5660EB5919599E18008D9264 /* Sources */ = {
			isa = PBXSourcesBuildPhase;
			buildActionMask = 2147483647;
			files = (
				DCC3D62B196C21FF0069B605 /* TableLevle2TableViewController.m in Sources */,
				DCC3D640196C23040069B605 /* PayViewController.m in Sources */,
				DC84ED8819713F40004FC315 /* MarketingTableViewController.m in Sources */,
				DCC3D633196C227B0069B605 /* DES3Util.m in Sources */,
				C2E3FCF919669B30006C7975 /* PayRecordViewController.m in Sources */,
				C2E3FCEE1964F177006C7975 /* LoginViewController.m in Sources */,
				C2E3FCF619668A39006C7975 /* UpdateCheckingViewController.m in Sources */,
				DCC3D643196C23650069B605 /* PayValueViewController.m in Sources */,
				5610F50D196ECC7700670856 /* TestData.m in Sources */,
				DCC3D632196C227B0069B605 /* ConnectionAPI.m in Sources */,
				DCC3D626196C21CD0069B605 /* AddresseBookTableViewController.m in Sources */,
				5660EB7119599E18008D9264 /* AppDelegate.m in Sources */,
				C239F837196981550043DA26 /* UIColorForiOS7Colors.m in Sources */,
				DCC3D637196C22B80069B605 /* GTMBase64.m in Sources */,
				5660EB9119599E3B008D9264 /* MainUIViewController.m in Sources */,
				5660EB6D19599E18008D9264 /* main.m in Sources */,
			);
			runOnlyForDeploymentPostprocessing = 0;
		};
		5660EB7419599E18008D9264 /* Sources */ = {
			isa = PBXSourcesBuildPhase;
			buildActionMask = 2147483647;
			files = (
				5660EB8619599E18008D9264 /* LeXiang100_AgentTests.m in Sources */,
			);
			runOnlyForDeploymentPostprocessing = 0;
		};
/* End PBXSourcesBuildPhase section */

/* Begin PBXTargetDependency section */
		5660EB7E19599E18008D9264 /* PBXTargetDependency */ = {
			isa = PBXTargetDependency;
			target = 5660EB5C19599E18008D9264 /* LeXiang100 Agent */;
			targetProxy = 5660EB7D19599E18008D9264 /* PBXContainerItemProxy */;
		};
/* End PBXTargetDependency section */

/* Begin PBXVariantGroup section */
		5660EB6919599E18008D9264 /* InfoPlist.strings */ = {
			isa = PBXVariantGroup;
			children = (
				5660EB6A19599E18008D9264 /* en */,
			);
			name = InfoPlist.strings;
			sourceTree = "<group>";
		};
		5660EB8219599E18008D9264 /* InfoPlist.strings */ = {
			isa = PBXVariantGroup;
			children = (
				5660EB8319599E18008D9264 /* en */,
			);
			name = InfoPlist.strings;
			sourceTree = "<group>";
		};
/* End PBXVariantGroup section */

/* Begin XCBuildConfiguration section */
		5660EB8719599E18008D9264 /* Debug */ = {
			isa = XCBuildConfiguration;
			buildSettings = {
				ALWAYS_SEARCH_USER_PATHS = NO;
				CLANG_CXX_LANGUAGE_STANDARD = "gnu++0x";
				CLANG_CXX_LIBRARY = "libc++";
				CLANG_ENABLE_MODULES = YES;
				CLANG_ENABLE_OBJC_ARC = NO;
				CLANG_WARN_BOOL_CONVERSION = YES;
				CLANG_WARN_CONSTANT_CONVERSION = YES;
				CLANG_WARN_DIRECT_OBJC_ISA_USAGE = YES_ERROR;
				CLANG_WARN_EMPTY_BODY = YES;
				CLANG_WARN_ENUM_CONVERSION = YES;
				CLANG_WARN_INT_CONVERSION = YES;
				CLANG_WARN_OBJC_ROOT_CLASS = YES_ERROR;
				CLANG_WARN__DUPLICATE_METHOD_MATCH = YES;
				"CODE_SIGN_IDENTITY[sdk=iphoneos*]" = "iPhone Developer";
				COPY_PHASE_STRIP = NO;
				GCC_C_LANGUAGE_STANDARD = gnu99;
				GCC_DYNAMIC_NO_PIC = NO;
				GCC_OPTIMIZATION_LEVEL = 0;
				GCC_PREPROCESSOR_DEFINITIONS = (
					"DEBUG=1",
					"$(inherited)",
				);
				GCC_SYMBOLS_PRIVATE_EXTERN = NO;
				GCC_WARN_64_TO_32_BIT_CONVERSION = YES;
				GCC_WARN_ABOUT_RETURN_TYPE = YES_ERROR;
				GCC_WARN_UNDECLARED_SELECTOR = YES;
				GCC_WARN_UNINITIALIZED_AUTOS = YES_AGGRESSIVE;
				GCC_WARN_UNUSED_FUNCTION = YES;
				GCC_WARN_UNUSED_VARIABLE = YES;
				IPHONEOS_DEPLOYMENT_TARGET = 6.1;
				ONLY_ACTIVE_ARCH = YES;
				SDKROOT = iphoneos;
				TARGETED_DEVICE_FAMILY = "1,2";
			};
			name = Debug;
		};
		5660EB8819599E18008D9264 /* Release */ = {
			isa = XCBuildConfiguration;
			buildSettings = {
				ALWAYS_SEARCH_USER_PATHS = NO;
				CLANG_CXX_LANGUAGE_STANDARD = "gnu++0x";
				CLANG_CXX_LIBRARY = "libc++";
				CLANG_ENABLE_MODULES = YES;
				CLANG_ENABLE_OBJC_ARC = NO;
				CLANG_WARN_BOOL_CONVERSION = YES;
				CLANG_WARN_CONSTANT_CONVERSION = YES;
				CLANG_WARN_DIRECT_OBJC_ISA_USAGE = YES_ERROR;
				CLANG_WARN_EMPTY_BODY = YES;
				CLANG_WARN_ENUM_CONVERSION = YES;
				CLANG_WARN_INT_CONVERSION = YES;
				CLANG_WARN_OBJC_ROOT_CLASS = YES_ERROR;
				CLANG_WARN__DUPLICATE_METHOD_MATCH = YES;
				"CODE_SIGN_IDENTITY[sdk=iphoneos*]" = "iPhone Developer";
				COPY_PHASE_STRIP = YES;
				ENABLE_NS_ASSERTIONS = NO;
				GCC_C_LANGUAGE_STANDARD = gnu99;
				GCC_WARN_64_TO_32_BIT_CONVERSION = YES;
				GCC_WARN_ABOUT_RETURN_TYPE = YES_ERROR;
				GCC_WARN_UNDECLARED_SELECTOR = YES;
				GCC_WARN_UNINITIALIZED_AUTOS = YES_AGGRESSIVE;
				GCC_WARN_UNUSED_FUNCTION = YES;
				GCC_WARN_UNUSED_VARIABLE = YES;
				IPHONEOS_DEPLOYMENT_TARGET = 6.1;
				SDKROOT = iphoneos;
				TARGETED_DEVICE_FAMILY = "1,2";
				VALIDATE_PRODUCT = YES;
			};
			name = Release;
		};
		5660EB8A19599E18008D9264 /* Debug */ = {
			isa = XCBuildConfiguration;
			buildSettings = {
				ASSETCATALOG_COMPILER_APPICON_NAME = AppIcon;
				ASSETCATALOG_COMPILER_LAUNCHIMAGE_NAME = LaunchImage;
				CODE_SIGN_IDENTITY = "iPhone Developer";
				"CODE_SIGN_IDENTITY[sdk=iphoneos*]" = "iPhone Developer";
				GCC_PRECOMPILE_PREFIX_HEADER = YES;
				GCC_PREFIX_HEADER = "LeXiang100 Agent/LeXiang100 Agent-Prefix.pch";
				INFOPLIST_FILE = "LeXiang100 Agent/LeXiang100 Agent-Info.plist";
				PRODUCT_NAME = "$(TARGET_NAME)";
				PROVISIONING_PROFILE = "";
				WRAPPER_EXTENSION = app;
			};
			name = Debug;
		};
		5660EB8B19599E18008D9264 /* Release */ = {
			isa = XCBuildConfiguration;
			buildSettings = {
				ASSETCATALOG_COMPILER_APPICON_NAME = AppIcon;
				ASSETCATALOG_COMPILER_LAUNCHIMAGE_NAME = LaunchImage;
				CODE_SIGN_IDENTITY = "iPhone Developer";
				"CODE_SIGN_IDENTITY[sdk=iphoneos*]" = "iPhone Developer";
				GCC_PRECOMPILE_PREFIX_HEADER = YES;
				GCC_PREFIX_HEADER = "LeXiang100 Agent/LeXiang100 Agent-Prefix.pch";
				INFOPLIST_FILE = "LeXiang100 Agent/LeXiang100 Agent-Info.plist";
				PRODUCT_NAME = "$(TARGET_NAME)";
				PROVISIONING_PROFILE = "";
				WRAPPER_EXTENSION = app;
			};
			name = Release;
		};
		5660EB8D19599E18008D9264 /* Debug */ = {
			isa = XCBuildConfiguration;
			buildSettings = {
				BUNDLE_LOADER = "$(BUILT_PRODUCTS_DIR)/LeXiang100 Agent.app/LeXiang100 Agent";
				FRAMEWORK_SEARCH_PATHS = (
					"$(SDKROOT)/Developer/Library/Frameworks",
					"$(inherited)",
					"$(DEVELOPER_FRAMEWORKS_DIR)",
				);
				GCC_PRECOMPILE_PREFIX_HEADER = YES;
				GCC_PREFIX_HEADER = "LeXiang100 Agent/LeXiang100 Agent-Prefix.pch";
				GCC_PREPROCESSOR_DEFINITIONS = (
					"DEBUG=1",
					"$(inherited)",
				);
				INFOPLIST_FILE = "LeXiang100 AgentTests/LeXiang100 AgentTests-Info.plist";
				PRODUCT_NAME = "$(TARGET_NAME)";
				TEST_HOST = "$(BUNDLE_LOADER)";
				WRAPPER_EXTENSION = xctest;
			};
			name = Debug;
		};
		5660EB8E19599E18008D9264 /* Release */ = {
			isa = XCBuildConfiguration;
			buildSettings = {
				BUNDLE_LOADER = "$(BUILT_PRODUCTS_DIR)/LeXiang100 Agent.app/LeXiang100 Agent";
				FRAMEWORK_SEARCH_PATHS = (
					"$(SDKROOT)/Developer/Library/Frameworks",
					"$(inherited)",
					"$(DEVELOPER_FRAMEWORKS_DIR)",
				);
				GCC_PRECOMPILE_PREFIX_HEADER = YES;
				GCC_PREFIX_HEADER = "LeXiang100 Agent/LeXiang100 Agent-Prefix.pch";
				INFOPLIST_FILE = "LeXiang100 AgentTests/LeXiang100 AgentTests-Info.plist";
				PRODUCT_NAME = "$(TARGET_NAME)";
				TEST_HOST = "$(BUNDLE_LOADER)";
				WRAPPER_EXTENSION = xctest;
			};
			name = Release;
		};
/* End XCBuildConfiguration section */

/* Begin XCConfigurationList section */
		5660EB5819599E18008D9264 /* Build configuration list for PBXProject "LeXiang100 Agent" */ = {
			isa = XCConfigurationList;
			buildConfigurations = (
				5660EB8719599E18008D9264 /* Debug */,
				5660EB8819599E18008D9264 /* Release */,
			);
			defaultConfigurationIsVisible = 0;
			defaultConfigurationName = Release;
		};
		5660EB8919599E18008D9264 /* Build configuration list for PBXNativeTarget "LeXiang100 Agent" */ = {
			isa = XCConfigurationList;
			buildConfigurations = (
				5660EB8A19599E18008D9264 /* Debug */,
				5660EB8B19599E18008D9264 /* Release */,
			);
			defaultConfigurationIsVisible = 0;
			defaultConfigurationName = Release;
		};
		5660EB8C19599E18008D9264 /* Build configuration list for PBXNativeTarget "LeXiang100 AgentTests" */ = {
			isa = XCConfigurationList;
			buildConfigurations = (
				5660EB8D19599E18008D9264 /* Debug */,
				5660EB8E19599E18008D9264 /* Release */,
			);
			defaultConfigurationIsVisible = 0;
			defaultConfigurationName = Release;
		};
/* End XCConfigurationList section */
	};
	rootObject = 5660EB5519599E18008D9264 /* Project object */;
}
